
Microsoft Visual Studio Solution File, Format Version 12.00
# Visual Studio Version 17
VisualStudioVersion = 17.11.35312.102
MinimumVisualStudioVersion = 10.0.40219.1
Project("{9A19103F-16F7-4668-BE54-9A1E7A4F7556}") = "SIPOTEK", "SIPOTEK.csproj", "{DC2213C8-AFB7-4102-8EB8-2BE9EB8AC77B}"
EndProject
Global
	GlobalSection(SolutionConfigurationPlatforms) = preSolution
		Debug|Any CPU = Debug|Any CPU
		Release|Any CPU = Release|Any CPU
	EndGlobalSection
	GlobalSection(ProjectConfigurationPlatforms) = postSolution
		{DC2213C8-AFB7-4102-8EB8-2BE9EB8AC77B}.Debug|Any CPU.ActiveCfg = Debug|Any CPU
		{DC2213C8-AFB7-4102-8EB8-2BE9EB8AC77B}.Debug|Any CPU.Build.0 = Debug|Any CPU
		{DC2213C8-AFB7-4102-8EB8-2BE9EB8AC77B}.Release|Any CPU.ActiveCfg = Release|Any CPU
		{DC2213C8-AFB7-4102-8EB8-2BE9EB8AC77B}.Release|Any CPU.Build.0 = Release|Any CPU
	EndGlobalSection
	GlobalSection(SolutionProperties) = preSolution
		HideSolutionNode = FALSE
	EndGlobalSection
	GlobalSection(ExtensibilityGlobals) = postSolution
		SolutionGuid = {270C89FD-E0E8-46A4-91BE-7DA5E72FA98B}
	EndGlobalSection
EndGlobal
